
Microsoft Visual Studio Solution File, Format Version 12.00
# Visual Studio Version 17
VisualStudioVersion = 17.12.35527.113 d17.12
MinimumVisualStudioVersion = 10.0.40219.1
Project("{FAE04EC0-301F-11D3-BF4B-00C04F79EFBC}") = "StringLibrary", "StringLibrary\StringLibrary.csproj", "{939C2C9D-9BF5-4A86-9998-6F82F55D6C55}"
EndProject
Project("{FAE04EC0-301F-11D3-BF4B-00C04F79EFBC}") = "ShowCase", "ShowCase\ShowCase.csproj", "{F0EEEF01-123E-4E2F-9A05-72D24B667EAD}"
EndProject
Global
	GlobalSection(SolutionConfigurationPlatforms) = preSolution
		Debug|Any CPU = Debug|Any CPU
		Release|Any CPU = Release|Any CPU
	EndGlobalSection
	GlobalSection(ProjectConfigurationPlatforms) = postSolution
		{939C2C9D-9BF5-4A86-9998-6F82F55D6C55}.Debug|Any CPU.ActiveCfg = Debug|Any CPU
		{939C2C9D-9BF5-4A86-9998-6F82F55D6C55}.Debug|Any CPU.Build.0 = Debug|Any CPU
		{939C2C9D-9BF5-4A86-9998-6F82F55D6C55}.Release|Any CPU.ActiveCfg = Release|Any CPU
		{939C2C9D-9BF5-4A86-9998-6F82F55D6C55}.Release|Any CPU.Build.0 = Release|Any CPU
		{F0EEEF01-123E-4E2F-9A05-72D24B667EAD}.Debug|Any CPU.ActiveCfg = Debug|Any CPU
		{F0EEEF01-123E-4E2F-9A05-72D24B667EAD}.Debug|Any CPU.Build.0 = Debug|Any CPU
		{F0EEEF01-123E-4E2F-9A05-72D24B667EAD}.Release|Any CPU.ActiveCfg = Release|Any CPU
		{F0EEEF01-123E-4E2F-9A05-72D24B667EAD}.Release|Any CPU.Build.0 = Release|Any CPU
	EndGlobalSection
	GlobalSection(SolutionProperties) = preSolution
		HideSolutionNode = FALSE
	EndGlobalSection
EndGlobal
